{
  "name": "neptun-semester-preselect",
  "requires": true,
  "lockfileVersion": 1,
  "dependencies": {
    "@types/chrome": {
      "version": "0.0.123",
      "resolved": "https://registry.npmjs.org/@types/chrome/-/chrome-0.0.123.tgz",
      "integrity": "sha512-fG6GPreuSY+Z+0e3dtBz5MJ5qyZ2feOZISG8udxBiuwUYqykK1q4NxkjfzL2F5I05LqK2ojP7ZR08Gcfo3ubHQ==",
      "requires": {
        "@types/filesystem": "*",
        "@types/har-format": "*"
      }
    },
    "@types/filesystem": {
      "version": "0.0.29",
      "resolved": "https://registry.npmjs.org/@types/filesystem/-/filesystem-0.0.29.tgz",
      "integrity": "sha512-85/1KfRedmfPGsbK8YzeaQUyV1FQAvMPMTuWFQ5EkLd2w7szhNO96bk3Rh/SKmOfd9co2rCLf0Voy4o7ECBOvw==",
      "requires": {
        "@types/filewriter": "*"
      }
    },
    "@types/filewriter": {
      "version": "0.0.28",
      "resolved": "https://registry.npmjs.org/@types/filewriter/-/filewriter-0.0.28.tgz",
      "integrity": "sha1-wFTor02d11205jq8dviFFocU1LM="
    },
    "@types/har-format": {
      "version": "1.2.4",
      "resolved": "https://registry.npmjs.org/@types/har-format/-/har-format-1.2.4.tgz",
      "integrity": "sha512-iUxzm1meBm3stxUMzRqgOVHjj4Kgpgu5w9fm4X7kPRfSgVRzythsucEN7/jtOo8SQzm+HfcxWWzJS0mJDH/3DQ=="
    },
    "eslint-scope": {
      "version": "5.1.0",
      "resolved": "https://registry.npmjs.org/eslint-scope/-/eslint-scope-5.1.0.tgz",
      "integrity": "sha512-iiGRvtxWqgtx5m8EyQUJihBloE4EnYeGE/bz1wSPwJE6tZuJUtHlhqDM4Xj2ukE8Dyy1+HCZ4hE0fzIVMzb58w==",
      "requires": {
        "esrecurse": "^4.1.0",
        "estraverse": "^4.1.1"
      }
    },
    "esrecurse": {
      "version": "4.3.0",
      "resolved": "https://registry.npmjs.org/esrecurse/-/esrecurse-4.3.0.tgz",
      "integrity": "sha512-KmfKL3b6G+RXvP8N1vr3Tq1kL/oCFgn2NYXEtqP8/L3pKapUA4G8cFVaoF3SU323CD4XypR/ffioHmkti6/Tag==",
      "requires": {
        "estraverse": "^5.2.0"
      },
      "dependencies": {
        "estraverse": {
          "version": "5.2.0",
          "resolved": "https://registry.npmjs.org/estraverse/-/estraverse-5.2.0.tgz",
          "integrity": "sha512-BxbNGGNm0RyRYvUdHpIwv9IWzeM9XClbOxwoATuFdOE7ZE6wHL+HQ5T8hoPM+zHvmKzzsEqhgy0GrQ5X13afiQ=="
        }
      }
    },
    "estraverse": {
      "version": "4.3.0",
      "resolved": "https://registry.npmjs.org/estraverse/-/estraverse-4.3.0.tgz",
      "integrity": "sha512-39nnKffWz8xN1BU/2c79n9nB9HDzo0niYUqx6xyqUnyoAnQyyWpOTdZEeiCch8BBu515t4wp9ZmgVfVhn9EBpw=="
    }
  }
}
